// !$*UTF8*$!
{
	archiveVersion = 1;
	classes = {
	};
	objectVersion = 48;
	objects = {

/* Begin PBXBuildFile section */
		A516D3A0208F7B8E003D1FFC /* AliThirdparty.a in Frameworks */ = {isa = PBXBuildFile; fileRef = A516D38A208F7B8E003D1FFC /* AliThirdparty.a */; };
		A516D3A1208F7B8E003D1FFC /* AliThirdparty.h in Headers */ = {isa = PBXBuildFile; fileRef = A516D38B208F7B8E003D1FFC /* AliThirdparty.h */; };
		A516D3A2208F7B8E003D1FFC /* AliVcMediaPlayer.h in Headers */ = {isa = PBXBuildFile; fileRef = A516D38D208F7B8E003D1FFC /* AliVcMediaPlayer.h */; };
		A516D3A3208F7B8E003D1FFC /* AliVcPlayerDefine.h in Headers */ = {isa = PBXBuildFile; fileRef = A516D38E208F7B8E003D1FFC /* AliVcPlayerDefine.h */; };
		A516D3A4208F7B8E003D1FFC /* AliVcPlayerErrorCode.h in Headers */ = {isa = PBXBuildFile; fileRef = A516D38F208F7B8E003D1FFC /* AliVcPlayerErrorCode.h */; };
		A516D3A5208F7B8E003D1FFC /* AliyunPlayerSDK.a in Frameworks */ = {isa = PBXBuildFile; fileRef = A516D390208F7B8E003D1FFC /* AliyunPlayerSDK.a */; };
		A516D3A6208F7B8E003D1FFC /* AliyunPlayerSDK.h in Headers */ = {isa = PBXBuildFile; fileRef = A516D391208F7B8E003D1FFC /* AliyunPlayerSDK.h */; };
		A516D3A7208F7B8E003D1FFC /* KernelMPlayer.h in Headers */ = {isa = PBXBuildFile; fileRef = A516D392208F7B8E003D1FFC /* KernelMPlayer.h */; };
		A516D3A8208F7B8E003D1FFC /* MPlayingHandler.h in Headers */ = {isa = PBXBuildFile; fileRef = A516D393208F7B8E003D1FFC /* MPlayingHandler.h */; };
		A516D3A9208F7B8E003D1FFC /* AliyunVodDownLoadManager.h in Headers */ = {isa = PBXBuildFile; fileRef = A516D395208F7B8E003D1FFC /* AliyunVodDownLoadManager.h */; };
		A516D3AA208F7B8E003D1FFC /* AliyunVodPlayer.h in Headers */ = {isa = PBXBuildFile; fileRef = A516D396208F7B8E003D1FFC /* AliyunVodPlayer.h */; };
		A516D3AB208F7B8E003D1FFC /* AliyunVodPlayerDefine.h in Headers */ = {isa = PBXBuildFile; fileRef = A516D397208F7B8E003D1FFC /* AliyunVodPlayerDefine.h */; };
		A516D3AC208F7B8E003D1FFC /* AliyunVodPlayerSDK.a in Frameworks */ = {isa = PBXBuildFile; fileRef = A516D398208F7B8E003D1FFC /* AliyunVodPlayerSDK.a */; };
		A516D3AD208F7B8E003D1FFC /* AliyunVodPlayerSDK.h in Headers */ = {isa = PBXBuildFile; fileRef = A516D399208F7B8E003D1FFC /* AliyunVodPlayerSDK.h */; };
		A516D3AE208F7B8E003D1FFC /* AliyunVodPlayerVideo.h in Headers */ = {isa = PBXBuildFile; fileRef = A516D39A208F7B8E003D1FFC /* AliyunVodPlayerVideo.h */; };
		A516D3AF208F7B8E003D1FFC /* AliyunVodPlayerView.h in Headers */ = {isa = PBXBuildFile; fileRef = A516D39C208F7B8E003D1FFC /* AliyunVodPlayerView.h */; };
		A516D3B0208F7B8E003D1FFC /* AliyunVodPlayerViewDefine.h in Headers */ = {isa = PBXBuildFile; fileRef = A516D39D208F7B8E003D1FFC /* AliyunVodPlayerViewDefine.h */; };
		A516D3B1208F7B8E003D1FFC /* AliyunVodPlayerViewSDK.a in Frameworks */ = {isa = PBXBuildFile; fileRef = A516D39E208F7B8E003D1FFC /* AliyunVodPlayerViewSDK.a */; };
		A516D3B2208F7B8E003D1FFC /* AliyunVodPlayerViewSDK.h in Headers */ = {isa = PBXBuildFile; fileRef = A516D39F208F7B8E003D1FFC /* AliyunVodPlayerViewSDK.h */; };
		A518551720AC6B6500699690 /* NSObject+BARunTime.h in Headers */ = {isa = PBXBuildFile; fileRef = A518551420AC6B6400699690 /* NSObject+BARunTime.h */; };
		A518551820AC6B6500699690 /* NSObject+BARunTime.m in Sources */ = {isa = PBXBuildFile; fileRef = A518551520AC6B6400699690 /* NSObject+BARunTime.m */; };
		A518551920AC6B6500699690 /* NSObject+Header.h in Headers */ = {isa = PBXBuildFile; fileRef = A518551620AC6B6400699690 /* NSObject+Header.h */; };
		A5A805072081D5CE0038686C /* zlPlayer.m in Sources */ = {isa = PBXBuildFile; fileRef = A5A805062081D5CE0038686C /* zlPlayer.m */; };
		A5A805082081D5CE0038686C /* zlPlayer.h in CopyFiles */ = {isa = PBXBuildFile; fileRef = A5A805052081D5CE0038686C /* zlPlayer.h */; };
		A5CD865B20C045DF0095C894 /* AliyunVodPlayerView+category.h in Headers */ = {isa = PBXBuildFile; fileRef = A5CD865920C045DF0095C894 /* AliyunVodPlayerView+category.h */; };
		A5CD865C20C045DF0095C894 /* AliyunVodPlayerView+category.m in Sources */ = {isa = PBXBuildFile; fileRef = A5CD865A20C045DF0095C894 /* AliyunVodPlayerView+category.m */; };
		A5EB47AA20A2937B0002C1F0 /* zlPlayer.h in Headers */ = {isa = PBXBuildFile; fileRef = A5A805052081D5CE0038686C /* zlPlayer.h */; settings = {ATTRIBUTES = (Public, ); }; };
		A5EE3A6B209B808C00835E5C /* NSArrary+safe.m in Sources */ = {isa = PBXBuildFile; fileRef = A5EE3A67209B808A00835E5C /* NSArrary+safe.m */; };
		A5EE3A6C209B808C00835E5C /* NSArrary+safe.h in Headers */ = {isa = PBXBuildFile; fileRef = A5EE3A68209B808B00835E5C /* NSArrary+safe.h */; };
		A5EE3A6D209B808C00835E5C /* NSDictionary+safe.h in Headers */ = {isa = PBXBuildFile; fileRef = A5EE3A69209B808B00835E5C /* NSDictionary+safe.h */; };
		A5EE3A6E209B808C00835E5C /* NSDictionary+safe.m in Sources */ = {isa = PBXBuildFile; fileRef = A5EE3A6A209B808B00835E5C /* NSDictionary+safe.m */; };
		A5EE3A71209B80AA00835E5C /* NSObject+exchangeMethod.m in Sources */ = {isa = PBXBuildFile; fileRef = A5EE3A6F209B80AA00835E5C /* NSObject+exchangeMethod.m */; };
		A5EE3A72209B80AA00835E5C /* NSObject+exchangeMethod.h in Headers */ = {isa = PBXBuildFile; fileRef = A5EE3A70209B80AA00835E5C /* NSObject+exchangeMethod.h */; };
/* End PBXBuildFile section */

/* Begin PBXCopyFilesBuildPhase section */
		A5A805002081D5CE0038686C /* CopyFiles */ = {
			isa = PBXCopyFilesBuildPhase;
			buildActionMask = 2147483647;
			dstPath = "include/$(PRODUCT_NAME)";
			dstSubfolderSpec = 16;
			files = (
				A5A805082081D5CE0038686C /* zlPlayer.h in CopyFiles */,
			);
			runOnlyForDeploymentPostprocessing = 0;
		};
/* End PBXCopyFilesBuildPhase section */

/* Begin PBXFileReference section */
		A516D38A208F7B8E003D1FFC /* AliThirdparty.a */ = {isa = PBXFileReference; lastKnownFileType = archive.ar; path = AliThirdparty.a; sourceTree = "<group>"; };
		A516D38B208F7B8E003D1FFC /* AliThirdparty.h */ = {isa = PBXFileReference; fileEncoding = 4; lastKnownFileType = sourcecode.c.h; path = AliThirdparty.h; sourceTree = "<group>"; };
		A516D38D208F7B8E003D1FFC /* AliVcMediaPlayer.h */ = {isa = PBXFileReference; fileEncoding = 4; lastKnownFileType = sourcecode.c.h; path = AliVcMediaPlayer.h; sourceTree = "<group>"; };
		A516D38E208F7B8E003D1FFC /* AliVcPlayerDefine.h */ = {isa = PBXFileReference; fileEncoding = 4; lastKnownFileType = sourcecode.c.h; path = AliVcPlayerDefine.h; sourceTree = "<group>"; };
		A516D38F208F7B8E003D1FFC /* AliVcPlayerErrorCode.h */ = {isa = PBXFileReference; fileEncoding = 4; lastKnownFileType = sourcecode.c.h; path = AliVcPlayerErrorCode.h; sourceTree = "<group>"; };
		A516D390208F7B8E003D1FFC /* AliyunPlayerSDK.a */ = {isa = PBXFileReference; lastKnownFileType = archive.ar; path = AliyunPlayerSDK.a; sourceTree = "<group>"; };
		A516D391208F7B8E003D1FFC /* AliyunPlayerSDK.h */ = {isa = PBXFileReference; fileEncoding = 4; lastKnownFileType = sourcecode.c.h; path = AliyunPlayerSDK.h; sourceTree = "<group>"; };
		A516D392208F7B8E003D1FFC /* KernelMPlayer.h */ = {isa = PBXFileReference; fileEncoding = 4; lastKnownFileType = sourcecode.c.h; path = KernelMPlayer.h; sourceTree = "<group>"; };
		A516D393208F7B8E003D1FFC /* MPlayingHandler.h */ = {isa = PBXFileReference; fileEncoding = 4; lastKnownFileType = sourcecode.c.h; path = MPlayingHandler.h; sourceTree = "<group>"; };
		A516D395208F7B8E003D1FFC /* AliyunVodDownLoadManager.h */ = {isa = PBXFileReference; fileEncoding = 4; lastKnownFileType = sourcecode.c.h; path = AliyunVodDownLoadManager.h; sourceTree = "<group>"; };
		A516D396208F7B8E003D1FFC /* AliyunVodPlayer.h */ = {isa = PBXFileReference; fileEncoding = 4; lastKnownFileType = sourcecode.c.h; path = AliyunVodPlayer.h; sourceTree = "<group>"; };
		A516D397208F7B8E003D1FFC /* AliyunVodPlayerDefine.h */ = {isa = PBXFileReference; fileEncoding = 4; lastKnownFileType = sourcecode.c.h; path = AliyunVodPlayerDefine.h; sourceTree = "<group>"; };
		A516D398208F7B8E003D1FFC /* AliyunVodPlayerSDK.a */ = {isa = PBXFileReference; lastKnownFileType = archive.ar; path = AliyunVodPlayerSDK.a; sourceTree = "<group>"; };
		A516D399208F7B8E003D1FFC /* AliyunVodPlayerSDK.h */ = {isa = PBXFileReference; fileEncoding = 4; lastKnownFileType = sourcecode.c.h; path = AliyunVodPlayerSDK.h; sourceTree = "<group>"; };
		A516D39A208F7B8E003D1FFC /* AliyunVodPlayerVideo.h */ = {isa = PBXFileReference; fileEncoding = 4; lastKnownFileType = sourcecode.c.h; path = AliyunVodPlayerVideo.h; sourceTree = "<group>"; };
		A516D39C208F7B8E003D1FFC /* AliyunVodPlayerView.h */ = {isa = PBXFileReference; fileEncoding = 4; lastKnownFileType = sourcecode.c.h; path = AliyunVodPlayerView.h; sourceTree = "<group>"; };
		A516D39D208F7B8E003D1FFC /* AliyunVodPlayerViewDefine.h */ = {isa = PBXFileReference; fileEncoding = 4; lastKnownFileType = sourcecode.c.h; path = AliyunVodPlayerViewDefine.h; sourceTree = "<group>"; };
		A516D39E208F7B8E003D1FFC /* AliyunVodPlayerViewSDK.a */ = {isa = PBXFileReference; lastKnownFileType = archive.ar; path = AliyunVodPlayerViewSDK.a; sourceTree = "<group>"; };
		A516D39F208F7B8E003D1FFC /* AliyunVodPlayerViewSDK.h */ = {isa = PBXFileReference; fileEncoding = 4; lastKnownFileType = sourcecode.c.h; path = AliyunVodPlayerViewSDK.h; sourceTree = "<group>"; };
		A518551420AC6B6400699690 /* NSObject+BARunTime.h */ = {isa = PBXFileReference; fileEncoding = 4; lastKnownFileType = sourcecode.c.h; path = "NSObject+BARunTime.h"; sourceTree = "<group>"; };
		A518551520AC6B6400699690 /* NSObject+BARunTime.m */ = {isa = PBXFileReference; fileEncoding = 4; lastKnownFileType = sourcecode.c.objc; path = "NSObject+BARunTime.m"; sourceTree = "<group>"; };
		A518551620AC6B6400699690 /* NSObject+Header.h */ = {isa = PBXFileReference; fileEncoding = 4; lastKnownFileType = sourcecode.c.h; path = "NSObject+Header.h"; sourceTree = "<group>"; };
		A543F4152082499C002ECE27 /* UIViewControllerExtension.h */ = {isa = PBXFileReference; lastKnownFileType = sourcecode.c.h; path = UIViewControllerExtension.h; sourceTree = "<group>"; };
		A543F4162082499C002ECE27 /* UZURLTask.h */ = {isa = PBXFileReference; lastKnownFileType = sourcecode.c.h; path = UZURLTask.h; sourceTree = "<group>"; };
		A543F4172082499C002ECE27 /* UZModule.h */ = {isa = PBXFileReference; lastKnownFileType = sourcecode.c.h; path = UZModule.h; sourceTree = "<group>"; };
		A543F4182082499C002ECE27 /* libUZEngine.a */ = {isa = PBXFileReference; lastKnownFileType = archive.ar; path = libUZEngine.a; sourceTree = "<group>"; };
		A543F4192082499C002ECE27 /* UZAppDelegate.h */ = {isa = PBXFileReference; lastKnownFileType = sourcecode.c.h; path = UZAppDelegate.h; sourceTree = "<group>"; };
		A543F41A2082499C002ECE27 /* UZAppUtils.h */ = {isa = PBXFileReference; lastKnownFileType = sourcecode.c.h; path = UZAppUtils.h; sourceTree = "<group>"; };
		A543F41B2082499C002ECE27 /* NSDictionaryUtils.h */ = {isa = PBXFileReference; lastKnownFileType = sourcecode.c.h; path = NSDictionaryUtils.h; sourceTree = "<group>"; };
		A5A805022081D5CE0038686C /* libzlPlayer.a */ = {isa = PBXFileReference; explicitFileType = archive.ar; includeInIndex = 0; path = libzlPlayer.a; sourceTree = BUILT_PRODUCTS_DIR; };
		A5A805052081D5CE0038686C /* zlPlayer.h */ = {isa = PBXFileReference; lastKnownFileType = sourcecode.c.h; path = zlPlayer.h; sourceTree = "<group>"; };
		A5A805062081D5CE0038686C /* zlPlayer.m */ = {isa = PBXFileReference; lastKnownFileType = sourcecode.c.objc; path = zlPlayer.m; sourceTree = "<group>"; };
		A5CD865920C045DF0095C894 /* AliyunVodPlayerView+category.h */ = {isa = PBXFileReference; lastKnownFileType = sourcecode.c.h; path = "AliyunVodPlayerView+category.h"; sourceTree = "<group>"; };
		A5CD865A20C045DF0095C894 /* AliyunVodPlayerView+category.m */ = {isa = PBXFileReference; lastKnownFileType = sourcecode.c.objc; path = "AliyunVodPlayerView+category.m"; sourceTree = "<group>"; };
		A5EE3A67209B808A00835E5C /* NSArrary+safe.m */ = {isa = PBXFileReference; fileEncoding = 4; lastKnownFileType = sourcecode.c.objc; path = "NSArrary+safe.m"; sourceTree = "<group>"; };
		A5EE3A68209B808B00835E5C /* NSArrary+safe.h */ = {isa = PBXFileReference; fileEncoding = 4; lastKnownFileType = sourcecode.c.h; path = "NSArrary+safe.h"; sourceTree = "<group>"; };
		A5EE3A69209B808B00835E5C /* NSDictionary+safe.h */ = {isa = PBXFileReference; fileEncoding = 4; lastKnownFileType = sourcecode.c.h; path = "NSDictionary+safe.h"; sourceTree = "<group>"; };
		A5EE3A6A209B808B00835E5C /* NSDictionary+safe.m */ = {isa = PBXFileReference; fileEncoding = 4; lastKnownFileType = sourcecode.c.objc; path = "NSDictionary+safe.m"; sourceTree = "<group>"; };
		A5EE3A6F209B80AA00835E5C /* NSObject+exchangeMethod.m */ = {isa = PBXFileReference; fileEncoding = 4; lastKnownFileType = sourcecode.c.objc; path = "NSObject+exchangeMethod.m"; sourceTree = "<group>"; };
		A5EE3A70209B80AA00835E5C /* NSObject+exchangeMethod.h */ = {isa = PBXFileReference; fileEncoding = 4; lastKnownFileType = sourcecode.c.h; path = "NSObject+exchangeMethod.h"; sourceTree = "<group>"; };
/* End PBXFileReference section */

/* Begin PBXFrameworksBuildPhase section */
		A5A804FF2081D5CE0038686C /* Frameworks */ = {
			isa = PBXFrameworksBuildPhase;
			buildActionMask = 2147483647;
			files = (
				A516D3B1208F7B8E003D1FFC /* AliyunVodPlayerViewSDK.a in Frameworks */,
				A516D3A0208F7B8E003D1FFC /* AliThirdparty.a in Frameworks */,
				A516D3AC208F7B8E003D1FFC /* AliyunVodPlayerSDK.a in Frameworks */,
				A516D3A5208F7B8E003D1FFC /* AliyunPlayerSDK.a in Frameworks */,
			);
			runOnlyForDeploymentPostprocessing = 0;
		};
/* End PBXFrameworksBuildPhase section */

/* Begin PBXGroup section */
		A516D388208F7B8E003D1FFC /* aliHeader */ = {
			isa = PBXGroup;
			children = (
				A516D389208F7B8E003D1FFC /* AliThirdparty */,
				A516D38C208F7B8E003D1FFC /* AliyunPlayerSDK */,
				A516D394208F7B8E003D1FFC /* AliyunVodPlayerSDK */,
				A516D39B208F7B8E003D1FFC /* AliyunVodPlayerViewSDK */,
			);
			path = aliHeader;
			sourceTree = "<group>";
		};
		A516D389208F7B8E003D1FFC /* AliThirdparty */ = {
			isa = PBXGroup;
			children = (
				A516D38A208F7B8E003D1FFC /* AliThirdparty.a */,
				A516D38B208F7B8E003D1FFC /* AliThirdparty.h */,
			);
			path = AliThirdparty;
			sourceTree = "<group>";
		};
		A516D38C208F7B8E003D1FFC /* AliyunPlayerSDK */ = {
			isa = PBXGroup;
			children = (
				A516D38D208F7B8E003D1FFC /* AliVcMediaPlayer.h */,
				A516D38E208F7B8E003D1FFC /* AliVcPlayerDefine.h */,
				A516D38F208F7B8E003D1FFC /* AliVcPlayerErrorCode.h */,
				A516D390208F7B8E003D1FFC /* AliyunPlayerSDK.a */,
				A516D391208F7B8E003D1FFC /* AliyunPlayerSDK.h */,
				A516D392208F7B8E003D1FFC /* KernelMPlayer.h */,
				A516D393208F7B8E003D1FFC /* MPlayingHandler.h */,
			);
			path = AliyunPlayerSDK;
			sourceTree = "<group>";
		};
		A516D394208F7B8E003D1FFC /* AliyunVodPlayerSDK */ = {
			isa = PBXGroup;
			children = (
				A516D395208F7B8E003D1FFC /* AliyunVodDownLoadManager.h */,
				A516D396208F7B8E003D1FFC /* AliyunVodPlayer.h */,
				A516D397208F7B8E003D1FFC /* AliyunVodPlayerDefine.h */,
				A516D398208F7B8E003D1FFC /* AliyunVodPlayerSDK.a */,
				A516D399208F7B8E003D1FFC /* AliyunVodPlayerSDK.h */,
				A516D39A208F7B8E003D1FFC /* AliyunVodPlayerVideo.h */,
			);
			path = AliyunVodPlayerSDK;
			sourceTree = "<group>";
		};
		A516D39B208F7B8E003D1FFC /* AliyunVodPlayerViewSDK */ = {
			isa = PBXGroup;
			children = (
				A516D39C208F7B8E003D1FFC /* AliyunVodPlayerView.h */,
				A516D39D208F7B8E003D1FFC /* AliyunVodPlayerViewDefine.h */,
				A516D39E208F7B8E003D1FFC /* AliyunVodPlayerViewSDK.a */,
				A516D39F208F7B8E003D1FFC /* AliyunVodPlayerViewSDK.h */,
				A5CD865920C045DF0095C894 /* AliyunVodPlayerView+category.h */,
				A5CD865A20C045DF0095C894 /* AliyunVodPlayerView+category.m */,
			);
			path = AliyunVodPlayerViewSDK;
			sourceTree = "<group>";
		};
		A518551320AC6B6400699690 /* NSObject */ = {
			isa = PBXGroup;
			children = (
				A518551420AC6B6400699690 /* NSObject+BARunTime.h */,
				A518551520AC6B6400699690 /* NSObject+BARunTime.m */,
				A518551620AC6B6400699690 /* NSObject+Header.h */,
			);
			path = NSObject;
			sourceTree = "<group>";
		};
		A543F4142082499C002ECE27 /* UZEngine */ = {
			isa = PBXGroup;
			children = (
				A543F4152082499C002ECE27 /* UIViewControllerExtension.h */,
				A543F4162082499C002ECE27 /* UZURLTask.h */,
				A543F4172082499C002ECE27 /* UZModule.h */,
				A543F4182082499C002ECE27 /* libUZEngine.a */,
				A543F4192082499C002ECE27 /* UZAppDelegate.h */,
				A543F41A2082499C002ECE27 /* UZAppUtils.h */,
				A543F41B2082499C002ECE27 /* NSDictionaryUtils.h */,
				A518551320AC6B6400699690 /* NSObject */,
				A5EE3A70209B80AA00835E5C /* NSObject+exchangeMethod.h */,
				A5EE3A6F209B80AA00835E5C /* NSObject+exchangeMethod.m */,
				A5EE3A68209B808B00835E5C /* NSArrary+safe.h */,
				A5EE3A67209B808A00835E5C /* NSArrary+safe.m */,
				A5EE3A69209B808B00835E5C /* NSDictionary+safe.h */,
				A5EE3A6A209B808B00835E5C /* NSDictionary+safe.m */,
			);
			path = UZEngine;
			sourceTree = "<group>";
		};
		A5A804F92081D5CE0038686C = {
			isa = PBXGroup;
			children = (
				A516D388208F7B8E003D1FFC /* aliHeader */,
				A543F4142082499C002ECE27 /* UZEngine */,
				A5A805042081D5CE0038686C /* zlPlayer */,
				A5A805032081D5CE0038686C /* Products */,
			);
			sourceTree = "<group>";
		};
		A5A805032081D5CE0038686C /* Products */ = {
			isa = PBXGroup;
			children = (
				A5A805022081D5CE0038686C /* libzlPlayer.a */,
			);
			name = Products;
			sourceTree = "<group>";
		};
		A5A805042081D5CE0038686C /* zlPlayer */ = {
			isa = PBXGroup;
			children = (
				A5A805052081D5CE0038686C /* zlPlayer.h */,
				A5A805062081D5CE0038686C /* zlPlayer.m */,
			);
			path = zlPlayer;
			sourceTree = "<group>";
		};
/* End PBXGroup section */

/* Begin PBXHeadersBuildPhase section */
		A5C7137720858F5D00161DE3 /* Headers */ = {
			isa = PBXHeadersBuildPhase;
			buildActionMask = 2147483647;
			files = (
				A5EB47AA20A2937B0002C1F0 /* zlPlayer.h in Headers */,
				A516D3AF208F7B8E003D1FFC /* AliyunVodPlayerView.h in Headers */,
				A5EE3A6D209B808C00835E5C /* NSDictionary+safe.h in Headers */,
				A5EE3A72209B80AA00835E5C /* NSObject+exchangeMethod.h in Headers */,
				A518551720AC6B6500699690 /* NSObject+BARunTime.h in Headers */,
				A5EE3A6C209B808C00835E5C /* NSArrary+safe.h in Headers */,
				A518551920AC6B6500699690 /* NSObject+Header.h in Headers */,
				A516D3B0208F7B8E003D1FFC /* AliyunVodPlayerViewDefine.h in Headers */,
				A516D3A8208F7B8E003D1FFC /* MPlayingHandler.h in Headers */,
				A516D3A7208F7B8E003D1FFC /* KernelMPlayer.h in Headers */,
				A5CD865B20C045DF0095C894 /* AliyunVodPlayerView+category.h in Headers */,
				A516D3A2208F7B8E003D1FFC /* AliVcMediaPlayer.h in Headers */,
				A516D3AD208F7B8E003D1FFC /* AliyunVodPlayerSDK.h in Headers */,
				A516D3A4208F7B8E003D1FFC /* AliVcPlayerErrorCode.h in Headers */,
				A516D3AB208F7B8E003D1FFC /* AliyunVodPlayerDefine.h in Headers */,
				A516D3A6208F7B8E003D1FFC /* AliyunPlayerSDK.h in Headers */,
				A516D3AA208F7B8E003D1FFC /* AliyunVodPlayer.h in Headers */,
				A516D3A1208F7B8E003D1FFC /* AliThirdparty.h in Headers */,
				A516D3B2208F7B8E003D1FFC /* AliyunVodPlayerViewSDK.h in Headers */,
				A516D3A9208F7B8E003D1FFC /* AliyunVodDownLoadManager.h in Headers */,
				A516D3A3208F7B8E003D1FFC /* AliVcPlayerDefine.h in Headers */,
				A516D3AE208F7B8E003D1FFC /* AliyunVodPlayerVideo.h in Headers */,
			);
			runOnlyForDeploymentPostprocessing = 0;
		};
/* End PBXHeadersBuildPhase section */

/* Begin PBXNativeTarget section */
		A5A805012081D5CE0038686C /* zlPlayer */ = {
			isa = PBXNativeTarget;
			buildConfigurationList = A5A8050B2081D5CE0038686C /* Build configuration list for PBXNativeTarget "zlPlayer" */;
			buildPhases = (
				A5A804FE2081D5CE0038686C /* Sources */,
				A5A804FF2081D5CE0038686C /* Frameworks */,
				A5A805002081D5CE0038686C /* CopyFiles */,
				A55E65382083822100911986 /* Resources */,
				A5C7137720858F5D00161DE3 /* Headers */,
			);
			buildRules = (
			);
			dependencies = (
			);
			name = zlPlayer;
			productName = QiNiuPlayer;
			productReference = A5A805022081D5CE0038686C /* libzlPlayer.a */;
			productType = "com.apple.product-type.library.static";
		};
/* End PBXNativeTarget section */

/* Begin PBXProject section */
		A5A804FA2081D5CE0038686C /* Project object */ = {
			isa = PBXProject;
			attributes = {
				LastUpgradeCheck = 0930;
				ORGANIZATIONNAME = "Tang杰";
				TargetAttributes = {
					A5A805012081D5CE0038686C = {
						CreatedOnToolsVersion = 9.2;
						ProvisioningStyle = Automatic;
					};
				};
			};
			buildConfigurationList = A5A804FD2081D5CE0038686C /* Build configuration list for PBXProject "zlPlayer" */;
			compatibilityVersion = "Xcode 8.0";
			developmentRegion = en;
			hasScannedForEncodings = 0;
			knownRegions = (
				en,
			);
			mainGroup = A5A804F92081D5CE0038686C;
			productRefGroup = A5A805032081D5CE0038686C /* Products */;
			projectDirPath = "";
			projectRoot = "";
			targets = (
				A5A805012081D5CE0038686C /* zlPlayer */,
			);
		};
/* End PBXProject section */

/* Begin PBXResourcesBuildPhase section */
		A55E65382083822100911986 /* Resources */ = {
			isa = PBXResourcesBuildPhase;
			buildActionMask = 2147483647;
			files = (
			);
			runOnlyForDeploymentPostprocessing = 0;
		};
/* End PBXResourcesBuildPhase section */

/* Begin PBXSourcesBuildPhase section */
		A5A804FE2081D5CE0038686C /* Sources */ = {
			isa = PBXSourcesBuildPhase;
			buildActionMask = 2147483647;
			files = (
				A5EE3A6B209B808C00835E5C /* NSArrary+safe.m in Sources */,
				A5EE3A6E209B808C00835E5C /* NSDictionary+safe.m in Sources */,
				A5A805072081D5CE0038686C /* zlPlayer.m in Sources */,
				A5CD865C20C045DF0095C894 /* AliyunVodPlayerView+category.m in Sources */,
				A5EE3A71209B80AA00835E5C /* NSObject+exchangeMethod.m in Sources */,
				A518551820AC6B6500699690 /* NSObject+BARunTime.m in Sources */,
			);
			runOnlyForDeploymentPostprocessing = 0;
		};
/* End PBXSourcesBuildPhase section */

/* Begin XCBuildConfiguration section */
		A5A805092081D5CE0038686C /* Debug */ = {
			isa = XCBuildConfiguration;
			buildSettings = {
				ALWAYS_SEARCH_USER_PATHS = NO;
				CLANG_ANALYZER_NONNULL = YES;
				CLANG_ANALYZER_NUMBER_OBJECT_CONVERSION = YES_AGGRESSIVE;
				CLANG_CXX_LANGUAGE_STANDARD = "gnu++14";
				CLANG_CXX_LIBRARY = "libc++";
				CLANG_ENABLE_MODULES = YES;
				CLANG_ENABLE_OBJC_ARC = YES;
				CLANG_WARN_BLOCK_CAPTURE_AUTORELEASING = YES;
				CLANG_WARN_BOOL_CONVERSION = YES;
				CLANG_WARN_COMMA = YES;
				CLANG_WARN_CONSTANT_CONVERSION = YES;
				CLANG_WARN_DEPRECATED_OBJC_IMPLEMENTATIONS = YES;
				CLANG_WARN_DIRECT_OBJC_ISA_USAGE = YES_ERROR;
				CLANG_WARN_DOCUMENTATION_COMMENTS = YES;
				CLANG_WARN_EMPTY_BODY = YES;
				CLANG_WARN_ENUM_CONVERSION = YES;
				CLANG_WARN_INFINITE_RECURSION = YES;
				CLANG_WARN_INT_CONVERSION = YES;
				CLANG_WARN_NON_LITERAL_NULL_CONVERSION = YES;
				CLANG_WARN_OBJC_IMPLICIT_RETAIN_SELF = YES;
				CLANG_WARN_OBJC_LITERAL_CONVERSION = YES;
				CLANG_WARN_OBJC_ROOT_CLASS = YES_ERROR;
				CLANG_WARN_RANGE_LOOP_ANALYSIS = YES;
				CLANG_WARN_STRICT_PROTOTYPES = YES;
				CLANG_WARN_SUSPICIOUS_MOVE = YES;
				CLANG_WARN_UNGUARDED_AVAILABILITY = YES_AGGRESSIVE;
				CLANG_WARN_UNREACHABLE_CODE = YES;
				CLANG_WARN__DUPLICATE_METHOD_MATCH = YES;
				CODE_SIGN_IDENTITY = "iPhone Developer";
				COPY_PHASE_STRIP = NO;
				DEBUG_INFORMATION_FORMAT = dwarf;
				ENABLE_STRICT_OBJC_MSGSEND = YES;
				ENABLE_TESTABILITY = YES;
				GCC_C_LANGUAGE_STANDARD = gnu11;
				GCC_DYNAMIC_NO_PIC = NO;
				GCC_NO_COMMON_BLOCKS = YES;
				GCC_OPTIMIZATION_LEVEL = 0;
				GCC_PREPROCESSOR_DEFINITIONS = (
					"DEBUG=1",
					"$(inherited)",
				);
				GCC_WARN_64_TO_32_BIT_CONVERSION = YES;
				GCC_WARN_ABOUT_RETURN_TYPE = YES_ERROR;
				GCC_WARN_UNDECLARED_SELECTOR = YES;
				GCC_WARN_UNINITIALIZED_AUTOS = YES_AGGRESSIVE;
				GCC_WARN_UNUSED_FUNCTION = YES;
				GCC_WARN_UNUSED_VARIABLE = YES;
				IPHONEOS_DEPLOYMENT_TARGET = 8.0;
				MTL_ENABLE_DEBUG_INFO = YES;
				ONLY_ACTIVE_ARCH = YES;
				SDKROOT = iphoneos;
			};
			name = Debug;
		};
		A5A8050A2081D5CE0038686C /* Release */ = {
			isa = XCBuildConfiguration;
			buildSettings = {
				ALWAYS_SEARCH_USER_PATHS = NO;
				CLANG_ANALYZER_NONNULL = YES;
				CLANG_ANALYZER_NUMBER_OBJECT_CONVERSION = YES_AGGRESSIVE;
				CLANG_CXX_LANGUAGE_STANDARD = "gnu++14";
				CLANG_CXX_LIBRARY = "libc++";
				CLANG_ENABLE_MODULES = YES;
				CLANG_ENABLE_OBJC_ARC = YES;
				CLANG_WARN_BLOCK_CAPTURE_AUTORELEASING = YES;
				CLANG_WARN_BOOL_CONVERSION = YES;
				CLANG_WARN_COMMA = YES;
				CLANG_WARN_CONSTANT_CONVERSION = YES;
				CLANG_WARN_DEPRECATED_OBJC_IMPLEMENTATIONS = YES;
				CLANG_WARN_DIRECT_OBJC_ISA_USAGE = YES_ERROR;
				CLANG_WARN_DOCUMENTATION_COMMENTS = YES;
				CLANG_WARN_EMPTY_BODY = YES;
				CLANG_WARN_ENUM_CONVERSION = YES;
				CLANG_WARN_INFINITE_RECURSION = YES;
				CLANG_WARN_INT_CONVERSION = YES;
				CLANG_WARN_NON_LITERAL_NULL_CONVERSION = YES;
				CLANG_WARN_OBJC_IMPLICIT_RETAIN_SELF = YES;
				CLANG_WARN_OBJC_LITERAL_CONVERSION = YES;
				CLANG_WARN_OBJC_ROOT_CLASS = YES_ERROR;
				CLANG_WARN_RANGE_LOOP_ANALYSIS = YES;
				CLANG_WARN_STRICT_PROTOTYPES = YES;
				CLANG_WARN_SUSPICIOUS_MOVE = YES;
				CLANG_WARN_UNGUARDED_AVAILABILITY = YES_AGGRESSIVE;
				CLANG_WARN_UNREACHABLE_CODE = YES;
				CLANG_WARN__DUPLICATE_METHOD_MATCH = YES;
				CODE_SIGN_IDENTITY = "iPhone Developer";
				COPY_PHASE_STRIP = NO;
				DEBUG_INFORMATION_FORMAT = "dwarf-with-dsym";
				ENABLE_NS_ASSERTIONS = NO;
				ENABLE_STRICT_OBJC_MSGSEND = YES;
				GCC_C_LANGUAGE_STANDARD = gnu11;
				GCC_NO_COMMON_BLOCKS = YES;
				GCC_WARN_64_TO_32_BIT_CONVERSION = YES;
				GCC_WARN_ABOUT_RETURN_TYPE = YES_ERROR;
				GCC_WARN_UNDECLARED_SELECTOR = YES;
				GCC_WARN_UNINITIALIZED_AUTOS = YES_AGGRESSIVE;
				GCC_WARN_UNUSED_FUNCTION = YES;
				GCC_WARN_UNUSED_VARIABLE = YES;
				IPHONEOS_DEPLOYMENT_TARGET = 8.0;
				MTL_ENABLE_DEBUG_INFO = NO;
				ONLY_ACTIVE_ARCH = NO;
				SDKROOT = iphoneos;
				VALIDATE_PRODUCT = YES;
			};
			name = Release;
		};
		A5A8050C2081D5CE0038686C /* Debug */ = {
			isa = XCBuildConfiguration;
			buildSettings = {
				CODE_SIGN_STYLE = Automatic;
				DEVELOPMENT_TEAM = JYVRKZKG5F;
				FRAMEWORK_SEARCH_PATHS = (
					"$(inherited)",
					"$(PROJECT_DIR)",
				);
				LIBRARY_SEARCH_PATHS = (
					"$(inherited)",
					"$(PROJECT_DIR)/Headers",
					"$(PROJECT_DIR)/aliHeader/AliThirdparty",
					"$(PROJECT_DIR)/aliHeader/AliyunPlayerSDK",
					"$(PROJECT_DIR)/aliHeader/AliyunVodPlayerSDK",
					"$(PROJECT_DIR)/aliHeader/AliyunVodPlayerViewSDK",
				);
				ONLY_ACTIVE_ARCH = NO;
				OTHER_LDFLAGS = "-ObjC";
				PRODUCT_NAME = "$(TARGET_NAME)";
				SKIP_INSTALL = YES;
				TARGETED_DEVICE_FAMILY = "1,2";
			};
			name = Debug;
		};
		A5A8050D2081D5CE0038686C /* Release */ = {
			isa = XCBuildConfiguration;
			buildSettings = {
				CODE_SIGN_STYLE = Automatic;
				DEVELOPMENT_TEAM = JYVRKZKG5F;
				FRAMEWORK_SEARCH_PATHS = (
					"$(inherited)",
					"$(PROJECT_DIR)",
				);
				LIBRARY_SEARCH_PATHS = (
					"$(inherited)",
					"$(PROJECT_DIR)/Headers",
					"$(PROJECT_DIR)/aliHeader/AliThirdparty",
					"$(PROJECT_DIR)/aliHeader/AliyunPlayerSDK",
					"$(PROJECT_DIR)/aliHeader/AliyunVodPlayerSDK",
					"$(PROJECT_DIR)/aliHeader/AliyunVodPlayerViewSDK",
				);
				ONLY_ACTIVE_ARCH = NO;
				OTHER_LDFLAGS = "-ObjC";
				PRODUCT_NAME = "$(TARGET_NAME)";
				SKIP_INSTALL = YES;
				TARGETED_DEVICE_FAMILY = "1,2";
			};
			name = Release;
		};
/* End XCBuildConfiguration section */

/* Begin XCConfigurationList section */
		A5A804FD2081D5CE0038686C /* Build configuration list for PBXProject "zlPlayer" */ = {
			isa = XCConfigurationList;
			buildConfigurations = (
				A5A805092081D5CE0038686C /* Debug */,
				A5A8050A2081D5CE0038686C /* Release */,
			);
			defaultConfigurationIsVisible = 0;
			defaultConfigurationName = Release;
		};
		A5A8050B2081D5CE0038686C /* Build configuration list for PBXNativeTarget "zlPlayer" */ = {
			isa = XCConfigurationList;
			buildConfigurations = (
				A5A8050C2081D5CE0038686C /* Debug */,
				A5A8050D2081D5CE0038686C /* Release */,
			);
			defaultConfigurationIsVisible = 0;
			defaultConfigurationName = Release;
		};
/* End XCConfigurationList section */
	};
	rootObject = A5A804FA2081D5CE0038686C /* Project object */;
}
